
Microsoft Visual Studio Solution File, Format Version 12.00
# Visual Studio 15
VisualStudioVersion = 15.0.28307.1062
MinimumVisualStudioVersion = 10.0.40219.1
Project("{8BC9CEB8-8B4A-11D0-8D11-00A0C91BC942}") = "rise a babble", "rise a babble.vcxproj", "{AED77005-19F4-49F4-B425-DEE0E6988E3D}"
EndProject
Global
	GlobalSection(SolutionConfigurationPlatforms) = preSolution
		Debug|x64 = Debug|x64
		Debug|x86 = Debug|x86
		Release|x64 = Release|x64
		Release|x86 = Release|x86
	EndGlobalSection
	GlobalSection(ProjectConfigurationPlatforms) = postSolution
		{AED77005-19F4-49F4-B425-DEE0E6988E3D}.Debug|x64.ActiveCfg = Debug|x64
		{AED77005-19F4-49F4-B425-DEE0E6988E3D}.Debug|x64.Build.0 = Debug|x64
		{AED77005-19F4-49F4-B425-DEE0E6988E3D}.Debug|x86.ActiveCfg = Debug|Win32
		{AED77005-19F4-49F4-B425-DEE0E6988E3D}.Debug|x86.Build.0 = Debug|Win32
		{AED77005-19F4-49F4-B425-DEE0E6988E3D}.Release|x64.ActiveCfg = Release|x64
		{AED77005-19F4-49F4-B425-DEE0E6988E3D}.Release|x64.Build.0 = Release|x64
		{AED77005-19F4-49F4-B425-DEE0E6988E3D}.Release|x86.ActiveCfg = Release|Win32
		{AED77005-19F4-49F4-B425-DEE0E6988E3D}.Release|x86.Build.0 = Release|Win32
	EndGlobalSection
	GlobalSection(SolutionProperties) = preSolution
		HideSolutionNode = FALSE
	EndGlobalSection
	GlobalSection(ExtensibilityGlobals) = postSolution
		SolutionGuid = {11727D88-0511-42C3-992E-61AA79315FF2}
	EndGlobalSection
EndGlobal
